{
    "_readme": [
        "This file locks the dependencies of your project to a known state",
        "Read more about it at http://getcomposer.org/doc/01-basic-usage.md#composer-lock-the-lock-file",
        "This file is @generated automatically"
    ],
    "hash": "2a96cd02465cb0c91344768f5aaa9ea8",
    "packages": [
        {
            "name": "daily/mandrill-dm",
            "version": "dev-master",
            "source": {
                "type": "git",
                "url": "https://github.com/juliencharrel/mandrill-dm.git",
                "reference": "ac842d33d59e8436b3a6405b6d0a5b16b98c780a"
            },
            "dist": {
                "type": "zip",
                "url": "https://api.github.com/repos/juliencharrel/mandrill-dm/zipball/ac842d33d59e8436b3a6405b6d0a5b16b98c780a",
                "reference": "ac842d33d59e8436b3a6405b6d0a5b16b98c780a",
                "shasum": ""
            },
            "require": {
                "php": ">=5.2.0"
            },
            "type": "library",
            "autoload": {
                "psr-0": {
                    "Mandrill": "src/"
                }
            },
            "notification-url": "https://packagist.org/downloads/",
            "description": "API client library for the Mandrill email as a service platform, tweaked to work for php open_basedir option",
            "keywords": [
                "api",
                "email"
            ],
            "time": "2013-06-13 00:50:49"
        }
    ],
    "packages-dev": [],
    "aliases": [],
    "minimum-stability": "stable",
    "stability-flags": {
        "daily/mandrill-dm": 20
    },
    "prefer-stable": false,
    "prefer-lowest": false,
    "platform": [],
    "platform-dev": []
}
